// !$*UTF8*$!
{
	archiveVersion = 1;
	classes = {
	};
	objectVersion = 56;
	objects = {

/* Begin PBXBuildFile section */
		2B643AA82A690464003CCAC7 /* SwiftUIKitApp.swift in Sources */ = {isa = PBXBuildFile; fileRef = 2B643AA72A690464003CCAC7 /* SwiftUIKitApp.swift */; };
		2B643AAA2A690464003CCAC7 /* ContentView.swift in Sources */ = {isa = PBXBuildFile; fileRef = 2B643AA92A690464003CCAC7 /* ContentView.swift */; };
		2B643AAC2A690466003CCAC7 /* Assets.xcassets in Resources */ = {isa = PBXBuildFile; fileRef = 2B643AAB2A690466003CCAC7 /* Assets.xcassets */; };
		2B643AAF2A690466003CCAC7 /* Preview Assets.xcassets in Resources */ = {isa = PBXBuildFile; fileRef = 2B643AAE2A690466003CCAC7 /* Preview Assets.xcassets */; };
		2B643AB72A6906B3003CCAC7 /* ComposableArchitecture in Frameworks */ = {isa = PBXBuildFile; productRef = 2B643AB62A6906B3003CCAC7 /* ComposableArchitecture */; };
		2B643ABF2A69089F003CCAC7 /* CustomButton.swift in Sources */ = {isa = PBXBuildFile; fileRef = 2B643ABE2A69089F003CCAC7 /* CustomButton.swift */; };
		2B643AC22A690976003CCAC7 /* ButtonType.swift in Sources */ = {isa = PBXBuildFile; fileRef = 2B643AC12A690976003CCAC7 /* ButtonType.swift */; };
		2B643AC92A6923D4003CCAC7 /* CustomTextField.swift in Sources */ = {isa = PBXBuildFile; fileRef = 2B643AC82A6923D4003CCAC7 /* CustomTextField.swift */; };
		2B643ACC2A698D28003CCAC7 /* ButtonTestView.swift in Sources */ = {isa = PBXBuildFile; fileRef = 2B643ACB2A698D28003CCAC7 /* ButtonTestView.swift */; };
		2B643ACE2A698E68003CCAC7 /* TextFieldTestView.swift in Sources */ = {isa = PBXBuildFile; fileRef = 2B643ACD2A698E68003CCAC7 /* TextFieldTestView.swift */; };
		2B643AD12A69919F003CCAC7 /* TextFieldType.swift in Sources */ = {isa = PBXBuildFile; fileRef = 2B643AD02A69919F003CCAC7 /* TextFieldType.swift */; };
		2B643AD32A699AD4003CCAC7 /* underlineView.swift in Sources */ = {isa = PBXBuildFile; fileRef = 2B643AD22A699AD4003CCAC7 /* underlineView.swift */; };
		2B643AD62A69A0D8003CCAC7 /* hideKeyboard.swift in Sources */ = {isa = PBXBuildFile; fileRef = 2B643AD52A69A0D8003CCAC7 /* hideKeyboard.swift */; };
		2B643ADA2A69A1CA003CCAC7 /* TextFieldFeature.swift in Sources */ = {isa = PBXBuildFile; fileRef = 2B643AD92A69A1CA003CCAC7 /* TextFieldFeature.swift */; };
/* End PBXBuildFile section */

/* Begin PBXFileReference section */
		2B643AA42A690464003CCAC7 /* SwiftUIKit.app */ = {isa = PBXFileReference; explicitFileType = wrapper.application; includeInIndex = 0; path = SwiftUIKit.app; sourceTree = BUILT_PRODUCTS_DIR; };
		2B643AA72A690464003CCAC7 /* SwiftUIKitApp.swift */ = {isa = PBXFileReference; lastKnownFileType = sourcecode.swift; path = SwiftUIKitApp.swift; sourceTree = "<group>"; };
		2B643AA92A690464003CCAC7 /* ContentView.swift */ = {isa = PBXFileReference; lastKnownFileType = sourcecode.swift; path = ContentView.swift; sourceTree = "<group>"; };
		2B643AAB2A690466003CCAC7 /* Assets.xcassets */ = {isa = PBXFileReference; lastKnownFileType = folder.assetcatalog; path = Assets.xcassets; sourceTree = "<group>"; };
		2B643AAE2A690466003CCAC7 /* Preview Assets.xcassets */ = {isa = PBXFileReference; lastKnownFileType = folder.assetcatalog; path = "Preview Assets.xcassets"; sourceTree = "<group>"; };
		2B643ABE2A69089F003CCAC7 /* CustomButton.swift */ = {isa = PBXFileReference; lastKnownFileType = sourcecode.swift; path = CustomButton.swift; sourceTree = "<group>"; };
		2B643AC12A690976003CCAC7 /* ButtonType.swift */ = {isa = PBXFileReference; lastKnownFileType = sourcecode.swift; path = ButtonType.swift; sourceTree = "<group>"; };
		2B643AC82A6923D4003CCAC7 /* CustomTextField.swift */ = {isa = PBXFileReference; lastKnownFileType = sourcecode.swift; path = CustomTextField.swift; sourceTree = "<group>"; };
		2B643ACB2A698D28003CCAC7 /* ButtonTestView.swift */ = {isa = PBXFileReference; lastKnownFileType = sourcecode.swift; path = ButtonTestView.swift; sourceTree = "<group>"; };
		2B643ACD2A698E68003CCAC7 /* TextFieldTestView.swift */ = {isa = PBXFileReference; lastKnownFileType = sourcecode.swift; path = TextFieldTestView.swift; sourceTree = "<group>"; };
		2B643AD02A69919F003CCAC7 /* TextFieldType.swift */ = {isa = PBXFileReference; lastKnownFileType = sourcecode.swift; path = TextFieldType.swift; sourceTree = "<group>"; };
		2B643AD22A699AD4003CCAC7 /* underlineView.swift */ = {isa = PBXFileReference; lastKnownFileType = sourcecode.swift; path = underlineView.swift; sourceTree = "<group>"; };
		2B643AD52A69A0D8003CCAC7 /* hideKeyboard.swift */ = {isa = PBXFileReference; lastKnownFileType = sourcecode.swift; path = hideKeyboard.swift; sourceTree = "<group>"; };
		2B643AD92A69A1CA003CCAC7 /* TextFieldFeature.swift */ = {isa = PBXFileReference; lastKnownFileType = sourcecode.swift; path = TextFieldFeature.swift; sourceTree = "<group>"; };
/* End PBXFileReference section */

/* Begin PBXFrameworksBuildPhase section */
		2B643AA12A690464003CCAC7 /* Frameworks */ = {
			isa = PBXFrameworksBuildPhase;
			buildActionMask = 2147483647;
			files = (
				2B643AB72A6906B3003CCAC7 /* ComposableArchitecture in Frameworks */,
			);
			runOnlyForDeploymentPostprocessing = 0;
		};
/* End PBXFrameworksBuildPhase section */

/* Begin PBXGroup section */
		2B643A9B2A690464003CCAC7 = {
			isa = PBXGroup;
			children = (
				2B643AA62A690464003CCAC7 /* SwiftUIKit */,
				2B643AA52A690464003CCAC7 /* Products */,
			);
			sourceTree = "<group>";
		};
		2B643AA52A690464003CCAC7 /* Products */ = {
			isa = PBXGroup;
			children = (
				2B643AA42A690464003CCAC7 /* SwiftUIKit.app */,
			);
			name = Products;
			sourceTree = "<group>";
		};
		2B643AA62A690464003CCAC7 /* SwiftUIKit */ = {
			isa = PBXGroup;
			children = (
				2B643ABB2A690853003CCAC7 /* Resources */,
				2B643ABA2A69084A003CCAC7 /* Sources */,
				2B643AD42A69A074003CCAC7 /* Utill */,
				2B643AB92A690839003CCAC7 /* Feature */,
				2B643AB82A690825003CCAC7 /* DesignSystem */,
			);
			path = SwiftUIKit;
			sourceTree = "<group>";
		};
		2B643AAD2A690466003CCAC7 /* Preview Content */ = {
			isa = PBXGroup;
			children = (
				2B643AAE2A690466003CCAC7 /* Preview Assets.xcassets */,
			);
			path = "Preview Content";
			sourceTree = "<group>";
		};
		2B643AB82A690825003CCAC7 /* DesignSystem */ = {
			isa = PBXGroup;
			children = (
				2B643ABD2A690886003CCAC7 /* View */,
				2B643ABC2A690877003CCAC7 /* Extension */,
			);
			path = DesignSystem;
			sourceTree = "<group>";
		};
		2B643AB92A690839003CCAC7 /* Feature */ = {
			isa = PBXGroup;
			children = (
				2B643ACA2A698D0A003CCAC7 /* Button */,
				2B643ACF2A698E6A003CCAC7 /* TextField */,
			);
			path = Feature;
			sourceTree = "<group>";
		};
		2B643ABA2A69084A003CCAC7 /* Sources */ = {
			isa = PBXGroup;
			children = (
				2B643AA72A690464003CCAC7 /* SwiftUIKitApp.swift */,
				2B643AA92A690464003CCAC7 /* ContentView.swift */,
			);
			path = Sources;
			sourceTree = "<group>";
		};
		2B643ABB2A690853003CCAC7 /* Resources */ = {
			isa = PBXGroup;
			children = (
				2B643AAB2A690466003CCAC7 /* Assets.xcassets */,
				2B643AAD2A690466003CCAC7 /* Preview Content */,
			);
			path = Resources;
			sourceTree = "<group>";
		};
		2B643ABC2A690877003CCAC7 /* Extension */ = {
			isa = PBXGroup;
			children = (
				2B643AD22A699AD4003CCAC7 /* underlineView.swift */,
			);
			path = Extension;
			sourceTree = "<group>";
		};
		2B643ABD2A690886003CCAC7 /* View */ = {
			isa = PBXGroup;
			children = (
				2B643AC72A69230E003CCAC7 /* TextField */,
				2B643AC02A690962003CCAC7 /* Button */,
			);
			path = View;
			sourceTree = "<group>";
		};
		2B643AC02A690962003CCAC7 /* Button */ = {
			isa = PBXGroup;
			children = (
				2B643ABE2A69089F003CCAC7 /* CustomButton.swift */,
				2B643AC12A690976003CCAC7 /* ButtonType.swift */,
			);
			path = Button;
			sourceTree = "<group>";
		};
		2B643AC72A69230E003CCAC7 /* TextField */ = {
			isa = PBXGroup;
			children = (
				2B643AC82A6923D4003CCAC7 /* CustomTextField.swift */,
				2B643AD02A69919F003CCAC7 /* TextFieldType.swift */,
			);
			path = TextField;
			sourceTree = "<group>";
		};
		2B643ACA2A698D0A003CCAC7 /* Button */ = {
			isa = PBXGroup;
			children = (
				2B643ACB2A698D28003CCAC7 /* ButtonTestView.swift */,
			);
			path = Button;
			sourceTree = "<group>";
		};
		2B643ACF2A698E6A003CCAC7 /* TextField */ = {
			isa = PBXGroup;
			children = (
				2B643ACD2A698E68003CCAC7 /* TextFieldTestView.swift */,
				2B643AD92A69A1CA003CCAC7 /* TextFieldFeature.swift */,
			);
			path = TextField;
			sourceTree = "<group>";
		};
		2B643AD42A69A074003CCAC7 /* Utill */ = {
			isa = PBXGroup;
			children = (
				2B643AD52A69A0D8003CCAC7 /* hideKeyboard.swift */,
			);
			path = Utill;
			sourceTree = "<group>";
		};
/* End PBXGroup section */

/* Begin PBXNativeTarget section */
		2B643AA32A690464003CCAC7 /* SwiftUIKit */ = {
			isa = PBXNativeTarget;
			buildConfigurationList = 2B643AB22A690466003CCAC7 /* Build configuration list for PBXNativeTarget "SwiftUIKit" */;
			buildPhases = (
				2B643AA02A690464003CCAC7 /* Sources */,
				2B643AA12A690464003CCAC7 /* Frameworks */,
				2B643AA22A690464003CCAC7 /* Resources */,
			);
			buildRules = (
			);
			dependencies = (
			);
			name = SwiftUIKit;
			packageProductDependencies = (
				2B643AB62A6906B3003CCAC7 /* ComposableArchitecture */,
			);
			productName = SwiftUIKit;
			productReference = 2B643AA42A690464003CCAC7 /* SwiftUIKit.app */;
			productType = "com.apple.product-type.application";
		};
/* End PBXNativeTarget section */

/* Begin PBXProject section */
		2B643A9C2A690464003CCAC7 /* Project object */ = {
			isa = PBXProject;
			attributes = {
				BuildIndependentTargetsInParallel = 1;
				LastSwiftUpdateCheck = 1430;
				LastUpgradeCheck = 1430;
				TargetAttributes = {
					2B643AA32A690464003CCAC7 = {
						CreatedOnToolsVersion = 14.3.1;
					};
				};
			};
			buildConfigurationList = 2B643A9F2A690464003CCAC7 /* Build configuration list for PBXProject "SwiftUIKit" */;
			compatibilityVersion = "Xcode 14.0";
			developmentRegion = en;
			hasScannedForEncodings = 0;
			knownRegions = (
				en,
				Base,
			);
			mainGroup = 2B643A9B2A690464003CCAC7;
			packageReferences = (
				2B643AB52A6906B3003CCAC7 /* XCRemoteSwiftPackageReference "swift-composable-architecture" */,
			);
			productRefGroup = 2B643AA52A690464003CCAC7 /* Products */;
			projectDirPath = "";
			projectRoot = "";
			targets = (
				2B643AA32A690464003CCAC7 /* SwiftUIKit */,
			);
		};
/* End PBXProject section */

/* Begin PBXResourcesBuildPhase section */
		2B643AA22A690464003CCAC7 /* Resources */ = {
			isa = PBXResourcesBuildPhase;
			buildActionMask = 2147483647;
			files = (
				2B643AAF2A690466003CCAC7 /* Preview Assets.xcassets in Resources */,
				2B643AAC2A690466003CCAC7 /* Assets.xcassets in Resources */,
			);
			runOnlyForDeploymentPostprocessing = 0;
		};
/* End PBXResourcesBuildPhase section */

/* Begin PBXSourcesBuildPhase section */
		2B643AA02A690464003CCAC7 /* Sources */ = {
			isa = PBXSourcesBuildPhase;
			buildActionMask = 2147483647;
			files = (
				2B643ADA2A69A1CA003CCAC7 /* TextFieldFeature.swift in Sources */,
				2B643AD62A69A0D8003CCAC7 /* hideKeyboard.swift in Sources */,
				2B643AAA2A690464003CCAC7 /* ContentView.swift in Sources */,
				2B643AD12A69919F003CCAC7 /* TextFieldType.swift in Sources */,
				2B643AC22A690976003CCAC7 /* ButtonType.swift in Sources */,
				2B643AA82A690464003CCAC7 /* SwiftUIKitApp.swift in Sources */,
				2B643ABF2A69089F003CCAC7 /* CustomButton.swift in Sources */,
				2B643ACC2A698D28003CCAC7 /* ButtonTestView.swift in Sources */,
				2B643AC92A6923D4003CCAC7 /* CustomTextField.swift in Sources */,
				2B643AD32A699AD4003CCAC7 /* underlineView.swift in Sources */,
				2B643ACE2A698E68003CCAC7 /* TextFieldTestView.swift in Sources */,
			);
			runOnlyForDeploymentPostprocessing = 0;
		};
/* End PBXSourcesBuildPhase section */

/* Begin XCBuildConfiguration section */
		2B643AB02A690466003CCAC7 /* Debug */ = {
			isa = XCBuildConfiguration;
			buildSettings = {
				ALWAYS_SEARCH_USER_PATHS = NO;
				CLANG_ANALYZER_NONNULL = YES;
				CLANG_ANALYZER_NUMBER_OBJECT_CONVERSION = YES_AGGRESSIVE;
				CLANG_CXX_LANGUAGE_STANDARD = "gnu++20";
				CLANG_ENABLE_MODULES = YES;
				CLANG_ENABLE_OBJC_ARC = YES;
				CLANG_ENABLE_OBJC_WEAK = YES;
				CLANG_WARN_BLOCK_CAPTURE_AUTORELEASING = YES;
				CLANG_WARN_BOOL_CONVERSION = YES;
				CLANG_WARN_COMMA = YES;
				CLANG_WARN_CONSTANT_CONVERSION = YES;
				CLANG_WARN_DEPRECATED_OBJC_IMPLEMENTATIONS = YES;
				CLANG_WARN_DIRECT_OBJC_ISA_USAGE = YES_ERROR;
				CLANG_WARN_DOCUMENTATION_COMMENTS = YES;
				CLANG_WARN_EMPTY_BODY = YES;
				CLANG_WARN_ENUM_CONVERSION = YES;
				CLANG_WARN_INFINITE_RECURSION = YES;
				CLANG_WARN_INT_CONVERSION = YES;
				CLANG_WARN_NON_LITERAL_NULL_CONVERSION = YES;
				CLANG_WARN_OBJC_IMPLICIT_RETAIN_SELF = YES;
				CLANG_WARN_OBJC_LITERAL_CONVERSION = YES;
				CLANG_WARN_OBJC_ROOT_CLASS = YES_ERROR;
				CLANG_WARN_QUOTED_INCLUDE_IN_FRAMEWORK_HEADER = YES;
				CLANG_WARN_RANGE_LOOP_ANALYSIS = YES;
				CLANG_WARN_STRICT_PROTOTYPES = YES;
				CLANG_WARN_SUSPICIOUS_MOVE = YES;
				CLANG_WARN_UNGUARDED_AVAILABILITY = YES_AGGRESSIVE;
				CLANG_WARN_UNREACHABLE_CODE = YES;
				CLANG_WARN__DUPLICATE_METHOD_MATCH = YES;
				COPY_PHASE_STRIP = NO;
				DEBUG_INFORMATION_FORMAT = dwarf;
				ENABLE_STRICT_OBJC_MSGSEND = YES;
				ENABLE_TESTABILITY = YES;
				GCC_C_LANGUAGE_STANDARD = gnu11;
				GCC_DYNAMIC_NO_PIC = NO;
				GCC_NO_COMMON_BLOCKS = YES;
				GCC_OPTIMIZATION_LEVEL = 0;
				GCC_PREPROCESSOR_DEFINITIONS = (
					"DEBUG=1",
					"$(inherited)",
				);
				GCC_WARN_64_TO_32_BIT_CONVERSION = YES;
				GCC_WARN_ABOUT_RETURN_TYPE = YES_ERROR;
				GCC_WARN_UNDECLARED_SELECTOR = YES;
				GCC_WARN_UNINITIALIZED_AUTOS = YES_AGGRESSIVE;
				GCC_WARN_UNUSED_FUNCTION = YES;
				GCC_WARN_UNUSED_VARIABLE = YES;
				IPHONEOS_DEPLOYMENT_TARGET = 16.4;
				MTL_ENABLE_DEBUG_INFO = INCLUDE_SOURCE;
				MTL_FAST_MATH = YES;
				ONLY_ACTIVE_ARCH = YES;
				SDKROOT = iphoneos;
				SWIFT_ACTIVE_COMPILATION_CONDITIONS = DEBUG;
				SWIFT_OPTIMIZATION_LEVEL = "-Onone";
			};
			name = Debug;
		};
		2B643AB12A690466003CCAC7 /* Release */ = {
			isa = XCBuildConfiguration;
			buildSettings = {
				ALWAYS_SEARCH_USER_PATHS = NO;
				CLANG_ANALYZER_NONNULL = YES;
				CLANG_ANALYZER_NUMBER_OBJECT_CONVERSION = YES_AGGRESSIVE;
				CLANG_CXX_LANGUAGE_STANDARD = "gnu++20";
				CLANG_ENABLE_MODULES = YES;
				CLANG_ENABLE_OBJC_ARC = YES;
				CLANG_ENABLE_OBJC_WEAK = YES;
				CLANG_WARN_BLOCK_CAPTURE_AUTORELEASING = YES;
				CLANG_WARN_BOOL_CONVERSION = YES;
				CLANG_WARN_COMMA = YES;
				CLANG_WARN_CONSTANT_CONVERSION = YES;
				CLANG_WARN_DEPRECATED_OBJC_IMPLEMENTATIONS = YES;
				CLANG_WARN_DIRECT_OBJC_ISA_USAGE = YES_ERROR;
				CLANG_WARN_DOCUMENTATION_COMMENTS = YES;
				CLANG_WARN_EMPTY_BODY = YES;
				CLANG_WARN_ENUM_CONVERSION = YES;
				CLANG_WARN_INFINITE_RECURSION = YES;
				CLANG_WARN_INT_CONVERSION = YES;
				CLANG_WARN_NON_LITERAL_NULL_CONVERSION = YES;
				CLANG_WARN_OBJC_IMPLICIT_RETAIN_SELF = YES;
				CLANG_WARN_OBJC_LITERAL_CONVERSION = YES;
				CLANG_WARN_OBJC_ROOT_CLASS = YES_ERROR;
				CLANG_WARN_QUOTED_INCLUDE_IN_FRAMEWORK_HEADER = YES;
				CLANG_WARN_RANGE_LOOP_ANALYSIS = YES;
				CLANG_WARN_STRICT_PROTOTYPES = YES;
				CLANG_WARN_SUSPICIOUS_MOVE = YES;
				CLANG_WARN_UNGUARDED_AVAILABILITY = YES_AGGRESSIVE;
				CLANG_WARN_UNREACHABLE_CODE = YES;
				CLANG_WARN__DUPLICATE_METHOD_MATCH = YES;
				COPY_PHASE_STRIP = NO;
				DEBUG_INFORMATION_FORMAT = "dwarf-with-dsym";
				ENABLE_NS_ASSERTIONS = NO;
				ENABLE_STRICT_OBJC_MSGSEND = YES;
				GCC_C_LANGUAGE_STANDARD = gnu11;
				GCC_NO_COMMON_BLOCKS = YES;
				GCC_WARN_64_TO_32_BIT_CONVERSION = YES;
				GCC_WARN_ABOUT_RETURN_TYPE = YES_ERROR;
				GCC_WARN_UNDECLARED_SELECTOR = YES;
				GCC_WARN_UNINITIALIZED_AUTOS = YES_AGGRESSIVE;
				GCC_WARN_UNUSED_FUNCTION = YES;
				GCC_WARN_UNUSED_VARIABLE = YES;
				IPHONEOS_DEPLOYMENT_TARGET = 16.4;
				MTL_ENABLE_DEBUG_INFO = NO;
				MTL_FAST_MATH = YES;
				SDKROOT = iphoneos;
				SWIFT_COMPILATION_MODE = wholemodule;
				SWIFT_OPTIMIZATION_LEVEL = "-O";
				VALIDATE_PRODUCT = YES;
			};
			name = Release;
		};
		2B643AB32A690466003CCAC7 /* Debug */ = {
			isa = XCBuildConfiguration;
			buildSettings = {
				ASSETCATALOG_COMPILER_APPICON_NAME = AppIcon;
				ASSETCATALOG_COMPILER_GLOBAL_ACCENT_COLOR_NAME = AccentColor;
				CODE_SIGN_STYLE = Automatic;
				CURRENT_PROJECT_VERSION = 1;
				DEVELOPMENT_ASSET_PATHS = "\"SwiftUIKit/Resources/Preview Content\"";
				DEVELOPMENT_TEAM = 6L372B2RJ6;
				ENABLE_PREVIEWS = YES;
				GENERATE_INFOPLIST_FILE = YES;
				INFOPLIST_KEY_UIApplicationSceneManifest_Generation = YES;
				INFOPLIST_KEY_UIApplicationSupportsIndirectInputEvents = YES;
				INFOPLIST_KEY_UILaunchScreen_Generation = YES;
				INFOPLIST_KEY_UISupportedInterfaceOrientations_iPad = "UIInterfaceOrientationPortrait UIInterfaceOrientationPortraitUpsideDown UIInterfaceOrientationLandscapeLeft UIInterfaceOrientationLandscapeRight";
				INFOPLIST_KEY_UISupportedInterfaceOrientations_iPhone = "UIInterfaceOrientationPortrait UIInterfaceOrientationLandscapeLeft UIInterfaceOrientationLandscapeRight";
				LD_RUNPATH_SEARCH_PATHS = (
					"$(inherited)",
					"@executable_path/Frameworks",
				);
				MARKETING_VERSION = 1.0;
				PRODUCT_BUNDLE_IDENTIFIER = subin.SwiftUIKit;
				PRODUCT_NAME = "$(TARGET_NAME)";
				SWIFT_EMIT_LOC_STRINGS = YES;
				SWIFT_VERSION = 5.0;
				TARGETED_DEVICE_FAMILY = "1,2";
			};
			name = Debug;
		};
		2B643AB42A690466003CCAC7 /* Release */ = {
			isa = XCBuildConfiguration;
			buildSettings = {
				ASSETCATALOG_COMPILER_APPICON_NAME = AppIcon;
				ASSETCATALOG_COMPILER_GLOBAL_ACCENT_COLOR_NAME = AccentColor;
				CODE_SIGN_STYLE = Automatic;
				CURRENT_PROJECT_VERSION = 1;
				DEVELOPMENT_ASSET_PATHS = "\"SwiftUIKit/Resources/Preview Content\"";
				DEVELOPMENT_TEAM = 6L372B2RJ6;
				ENABLE_PREVIEWS = YES;
				GENERATE_INFOPLIST_FILE = YES;
				INFOPLIST_KEY_UIApplicationSceneManifest_Generation = YES;
				INFOPLIST_KEY_UIApplicationSupportsIndirectInputEvents = YES;
				INFOPLIST_KEY_UILaunchScreen_Generation = YES;
				INFOPLIST_KEY_UISupportedInterfaceOrientations_iPad = "UIInterfaceOrientationPortrait UIInterfaceOrientationPortraitUpsideDown UIInterfaceOrientationLandscapeLeft UIInterfaceOrientationLandscapeRight";
				INFOPLIST_KEY_UISupportedInterfaceOrientations_iPhone = "UIInterfaceOrientationPortrait UIInterfaceOrientationLandscapeLeft UIInterfaceOrientationLandscapeRight";
				LD_RUNPATH_SEARCH_PATHS = (
					"$(inherited)",
					"@executable_path/Frameworks",
				);
				MARKETING_VERSION = 1.0;
				PRODUCT_BUNDLE_IDENTIFIER = subin.SwiftUIKit;
				PRODUCT_NAME = "$(TARGET_NAME)";
				SWIFT_EMIT_LOC_STRINGS = YES;
				SWIFT_VERSION = 5.0;
				TARGETED_DEVICE_FAMILY = "1,2";
			};
			name = Release;
		};
/* End XCBuildConfiguration section */

/* Begin XCConfigurationList section */
		2B643A9F2A690464003CCAC7 /* Build configuration list for PBXProject "SwiftUIKit" */ = {
			isa = XCConfigurationList;
			buildConfigurations = (
				2B643AB02A690466003CCAC7 /* Debug */,
				2B643AB12A690466003CCAC7 /* Release */,
			);
			defaultConfigurationIsVisible = 0;
			defaultConfigurationName = Release;
		};
		2B643AB22A690466003CCAC7 /* Build configuration list for PBXNativeTarget "SwiftUIKit" */ = {
			isa = XCConfigurationList;
			buildConfigurations = (
				2B643AB32A690466003CCAC7 /* Debug */,
				2B643AB42A690466003CCAC7 /* Release */,
			);
			defaultConfigurationIsVisible = 0;
			defaultConfigurationName = Release;
		};
/* End XCConfigurationList section */

/* Begin XCRemoteSwiftPackageReference section */
		2B643AB52A6906B3003CCAC7 /* XCRemoteSwiftPackageReference "swift-composable-architecture" */ = {
			isa = XCRemoteSwiftPackageReference;
			repositoryURL = "https://github.com/pointfreeco/swift-composable-architecture";
			requirement = {
				kind = upToNextMajorVersion;
				minimumVersion = 0.56.0;
			};
		};
/* End XCRemoteSwiftPackageReference section */

/* Begin XCSwiftPackageProductDependency section */
		2B643AB62A6906B3003CCAC7 /* ComposableArchitecture */ = {
			isa = XCSwiftPackageProductDependency;
			package = 2B643AB52A6906B3003CCAC7 /* XCRemoteSwiftPackageReference "swift-composable-architecture" */;
			productName = ComposableArchitecture;
		};
/* End XCSwiftPackageProductDependency section */
	};
	rootObject = 2B643A9C2A690464003CCAC7 /* Project object */;
}
